
Microsoft Visual Studio Solution File, Format Version 12.00
# Blend for Visual Studio Version 16
VisualStudioVersion = 16.0.33130.400
MinimumVisualStudioVersion = 10.0.40219.1
Project("{FAE04EC0-301F-11D3-BF4B-00C04F79EFBC}") = "Operaciones", "Operaciones\Operaciones.csproj", "{448A01A8-3B09-45B3-96F3-F278AE260105}"
EndProject
Global
	GlobalSection(SolutionConfigurationPlatforms) = preSolution
		Debug|Any CPU = Debug|Any CPU
		Release|Any CPU = Release|Any CPU
	EndGlobalSection
	GlobalSection(ProjectConfigurationPlatforms) = postSolution
		{448A01A8-3B09-45B3-96F3-F278AE260105}.Debug|Any CPU.ActiveCfg = Debug|Any CPU
		{448A01A8-3B09-45B3-96F3-F278AE260105}.Debug|Any CPU.Build.0 = Debug|Any CPU
		{448A01A8-3B09-45B3-96F3-F278AE260105}.Release|Any CPU.ActiveCfg = Release|Any CPU
		{448A01A8-3B09-45B3-96F3-F278AE260105}.Release|Any CPU.Build.0 = Release|Any CPU
	EndGlobalSection
	GlobalSection(SolutionProperties) = preSolution
		HideSolutionNode = FALSE
	EndGlobalSection
	GlobalSection(ExtensibilityGlobals) = postSolution
		SolutionGuid = {8467CBE9-ABAA-4847-9059-00044F340A54}
	EndGlobalSection
EndGlobal
